{
  "nodes": {
    "blahrs": {
      "inputs": {
        "naersk": "naersk",
        "nixpkgs": [
          "nixpkgs"
        ],
        "rust-overlay": [
          "rust-overlay"
        ]
      },
      "locked": {
        "lastModified": 1744763289,
        "narHash": "sha256-WVZoYSexN5TVmK69pLUq6yo8WJLze7wYipEMaWmg0fQ=",
        "owner": "Blah-IM",
        "repo": "blahrs",
        "rev": "40e4a538866cceb2735e4cb5a40d8b774d02329e",
        "type": "github"
      },
      "original": {
        "owner": "Blah-IM",
        "repo": "blahrs",
        "type": "github"
      }
    },
    "cargo-bloated": {
      "inputs": {
        "nixpkgs": [
          "nixpkgs"
        ]
      },
      "locked": {
        "lastModified": 1746944458,
        "narHash": "sha256-ZlzonxjZIksRSDYyEmhqJD82wpDo+GYEKoyw0C+TeQc=",
        "owner": "oxalica",
        "repo": "cargo-bloated",
        "rev": "58f86063efa7febba25ffc73d7d83f31afcb5e47",
        "type": "github"
      },
      "original": {
        "owner": "oxalica",
        "repo": "cargo-bloated",
        "type": "github"
      }
    },
    "crane": {
      "locked": {
        "lastModified": 1731098351,
        "narHash": "sha256-HQkYvKvaLQqNa10KEFGgWHfMAbWBfFp+4cAgkut+NNE=",
        "owner": "ipetkov",
        "repo": "crane",
        "rev": "ef80ead953c1b28316cc3f8613904edc2eb90c28",
        "type": "github"
      },
      "original": {
        "owner": "ipetkov",
        "repo": "crane",
        "type": "github"
      }
    },
    "flake-parts": {
      "inputs": {
        "nixpkgs-lib": [
          "lanzaboote",
          "nixpkgs"
        ]
      },
      "locked": {
        "lastModified": 1730504689,
        "narHash": "sha256-hgmguH29K2fvs9szpq2r3pz2/8cJd2LPS+b4tfNFCwE=",
        "owner": "hercules-ci",
        "repo": "flake-parts",
        "rev": "506278e768c2a08bec68eb62932193e341f55c90",
        "type": "github"
      },
      "original": {
        "owner": "hercules-ci",
        "repo": "flake-parts",
        "type": "github"
      }
    },
    "flake-utils": {
      "inputs": {
        "systems": "systems"
      },
      "locked": {
        "lastModified": 1731533236,
        "narHash": "sha256-l0KFg5HjrsfsO/JpG+r7fRrqm12kzFHyUHqHCVpMMbI=",
        "owner": "numtide",
        "repo": "flake-utils",
        "rev": "11707dc2f618dd54ca8739b309ec4fc024de578b",
        "type": "github"
      },
      "original": {
        "owner": "numtide",
        "repo": "flake-utils",
        "type": "github"
      }
    },
    "home-manager": {
      "inputs": {
        "nixpkgs": [
          "nixpkgs"
        ]
      },
      "locked": {
        "lastModified": 1756261190,
        "narHash": "sha256-eiy0klFK5EVJLNilutR7grsZN/7Itj9DyD75eyOf83k=",
        "owner": "nix-community",
        "repo": "home-manager",
        "rev": "77f348da3176dc68b20a73dab94852a417daf361",
        "type": "github"
      },
      "original": {
        "owner": "nix-community",
        "repo": "home-manager",
        "type": "github"
      }
    },
    "lanzaboote": {
      "inputs": {
        "crane": "crane",
        "flake-compat": [
          "blank"
        ],
        "flake-parts": "flake-parts",
        "nixpkgs": [
          "nixpkgs"
        ],
        "pre-commit-hooks-nix": [
          "blank"
        ],
        "rust-overlay": [
          "rust-overlay"
        ]
      },
      "locked": {
        "lastModified": 1737639419,
        "narHash": "sha256-AEEDktApTEZ5PZXNDkry2YV2k6t0dTgLPEmAZbnigXU=",
        "owner": "nix-community",
        "repo": "lanzaboote",
        "rev": "a65905a09e2c43ff63be8c0e86a93712361f871e",
        "type": "github"
      },
      "original": {
        "owner": "nix-community",
        "ref": "v0.4.2",
        "repo": "lanzaboote",
        "type": "github"
      }
    },
    "meta-sifive": {
      "flake": false,
      "locked": {
        "lastModified": 1638461064,
        "narHash": "sha256-Toh80cXl+w1QFrbZnCP2Bjg2eN1V8vItACOO7/rWx0k=",
        "owner": "sifive",
        "repo": "meta-sifive",
        "rev": "dc0441b841dba14ead2cba8f6f7c086c11ad89b0",
        "type": "github"
      },
      "original": {
        "owner": "sifive",
        "ref": "2021.11.00",
        "repo": "meta-sifive",
        "type": "github"
      }
    },
    "naersk": {
      "inputs": {
        "nixpkgs": [
          "blahrs",
          "nixpkgs"
        ]
      },
      "locked": {
        "lastModified": 1739824009,
        "narHash": "sha256-fcNrCMUWVLMG3gKC5M9CBqVOAnJtyRvGPxptQFl5mVg=",
        "owner": "nix-community",
        "repo": "naersk",
        "rev": "e5130d37369bfa600144c2424270c96f0ef0e11d",
        "type": "github"
      },
      "original": {
        "owner": "nix-community",
        "repo": "naersk",
        "type": "github"
      }
    },
    "nixpkgs": {
      "locked": {
        "lastModified": 1756125398,
        "narHash": "sha256-XexyKZpf46cMiO5Vbj+dWSAXOnr285GHsMch8FBoHbc=",
        "owner": "NixOS",
        "repo": "nixpkgs",
        "rev": "3b9f00d7a7bf68acd4c4abb9d43695afb04e03a5",
        "type": "github"
      },
      "original": {
        "owner": "NixOS",
        "ref": "nixos-unstable",
        "repo": "nixpkgs",
        "type": "github"
      }
    },
    "nixpkgs-fix-coincurve": {
      "locked": {
        "lastModified": 1756197448,
        "narHash": "sha256-k5RnzEaAm/qUsdfZ8Mh5haWS+ytvm3sEA+5pJ6gDgaU=",
        "owner": "NixOS",
        "repo": "nixpkgs",
        "rev": "8eb963acfaf569cea9dce0d4ee32ca80942f9e1c",
        "type": "github"
      },
      "original": {
        "owner": "NixOS",
        "ref": "pull/437180/head",
        "repo": "nixpkgs",
        "type": "github"
      }
    },
    "nixpkgs-stable": {
      "locked": {
        "lastModified": 1720535198,
        "narHash": "sha256-zwVvxrdIzralnSbcpghA92tWu2DV2lwv89xZc8MTrbg=",
        "owner": "NixOS",
        "repo": "nixpkgs",
        "rev": "205fd4226592cc83fd4c0885a3e4c9c400efabb5",
        "type": "github"
      },
      "original": {
        "owner": "NixOS",
        "ref": "nixos-23.11",
        "repo": "nixpkgs",
        "type": "github"
      }
    },
    "nixpkgs-unmatched": {
      "locked": {
        "lastModified": 1640713360,
        "narHash": "sha256-MzrVpY1CvK5N60fW3ShYr/P7Gn2yxCBqlSLRJKjwAqs=",
        "owner": "oxalica",
        "repo": "nixpkgs",
        "rev": "68ffecb7b9ed47985dab86a7d7563ffb3f2a9155",
        "type": "github"
      },
      "original": {
        "owner": "oxalica",
        "ref": "test/unmatched",
        "repo": "nixpkgs",
        "type": "github"
      }
    },
    "nocargo": {
      "inputs": {
        "flake-utils": [
          "flake-utils"
        ],
        "nixpkgs": [
          "nixpkgs"
        ],
        "registry-crates-io": "registry-crates-io"
      },
      "locked": {
        "lastModified": 1745995660,
        "narHash": "sha256-Cca7/uDRwfo4UnPhZX31+vQ7chKr9nJsMvwykGllDVA=",
        "owner": "oxalica",
        "repo": "nocargo",
        "rev": "089f487c2c123454c8b9a381a99999b63c53d1d6",
        "type": "github"
      },
      "original": {
        "owner": "oxalica",
        "repo": "nocargo",
        "type": "github"
      }
    },
    "orb": {
      "inputs": {
        "nixpkgs": [
          "nixpkgs"
        ]
      },
      "locked": {
        "lastModified": 1753660990,
        "narHash": "sha256-rNH/hBiAfEx93OAD7TANMi8cDSXIPN8RCsfNqKZYySI=",
        "owner": "oxalica",
        "repo": "orb",
        "rev": "23cd9e1f3d0f24694517fd67c038e60db6b277e9",
        "type": "github"
      },
      "original": {
        "owner": "oxalica",
        "repo": "orb",
        "type": "github"
      }
    },
    "registry-crates-io": {
      "flake": false,
      "locked": {
        "lastModified": 1704732624,
        "narHash": "sha256-FWX5JX33ievm6JuIEp1lI5EPndYt8s6anU+fQBYuFKc=",
        "owner": "rust-lang",
        "repo": "crates.io-index",
        "rev": "4445fa0011e6ff9989985651bec57eb4cbefcadd",
        "type": "github"
      },
      "original": {
        "owner": "rust-lang",
        "repo": "crates.io-index",
        "type": "github"
      }
    },
    "root": {
      "inputs": {
        "blahrs": "blahrs",
        "blank": [
          "nixpkgs"
        ],
        "cargo-bloated": "cargo-bloated",
        "flake-utils": "flake-utils",
        "home-manager": "home-manager",
        "lanzaboote": "lanzaboote",
        "meta-sifive": "meta-sifive",
        "nixpkgs": "nixpkgs",
        "nixpkgs-fix-coincurve": "nixpkgs-fix-coincurve",
        "nixpkgs-stable": "nixpkgs-stable",
        "nixpkgs-unmatched": "nixpkgs-unmatched",
        "nocargo": "nocargo",
        "orb": "orb",
        "rust-overlay": "rust-overlay",
        "secrets": "secrets",
        "simple-snap": "simple-snap",
        "sops-nix": "sops-nix"
      }
    },
    "rust-overlay": {
      "inputs": {
        "nixpkgs": [
          "nixpkgs"
        ]
      },
      "locked": {
        "lastModified": 1756262090,
        "narHash": "sha256-PQHSup4d0cVXxJ7mlHrrxBx1WVrmudKiNQgnNl5xRas=",
        "owner": "oxalica",
        "repo": "rust-overlay",
        "rev": "df7ea78aded79f195a92fc5423de96af2b8a85d1",
        "type": "github"
      },
      "original": {
        "owner": "oxalica",
        "repo": "rust-overlay",
        "type": "github"
      }
    },
    "secrets": {
      "locked": {
        "lastModified": 1753987985,
        "narHash": "sha256-KlXrePv3pdfwlEdpAHanCPlGaUSrT+BJO/xiHwCiJJU=",
        "path": "/home/oxa/storage/repo/nixos-config-secrets",
        "type": "path"
      },
      "original": {
        "path": "/home/oxa/storage/repo/nixos-config-secrets",
        "type": "path"
      }
    },
    "simple-snap": {
      "inputs": {
        "nixpkgs": [
          "nixpkgs"
        ]
      },
      "locked": {
        "lastModified": 1752385390,
        "narHash": "sha256-HLqYbQuAri7yrERCnGriTSwXr91c5Kh0yTgWj5y3cM8=",
        "owner": "oxalica",
        "repo": "simple-snap",
        "rev": "258d27fd2f348a01c2facf62c157157741c86568",
        "type": "github"
      },
      "original": {
        "owner": "oxalica",
        "repo": "simple-snap",
        "type": "github"
      }
    },
    "sops-nix": {
      "inputs": {
        "nixpkgs": [
          "nixpkgs"
        ]
      },
      "locked": {
        "lastModified": 1754988908,
        "narHash": "sha256-t+voe2961vCgrzPFtZxha0/kmFSHFobzF00sT8p9h0U=",
        "owner": "Mic92",
        "repo": "sops-nix",
        "rev": "3223c7a92724b5d804e9988c6b447a0d09017d48",
        "type": "github"
      },
      "original": {
        "owner": "Mic92",
        "repo": "sops-nix",
        "type": "github"
      }
    },
    "systems": {
      "locked": {
        "lastModified": 1681028828,
        "narHash": "sha256-Vy1rq5AaRuLzOxct8nz4T6wlgyUR7zLU309k9mBC768=",
        "owner": "nix-systems",
        "repo": "default",
        "rev": "da67096a3b9bf56a91d16901293e51ba5b49a27e",
        "type": "github"
      },
      "original": {
        "owner": "nix-systems",
        "repo": "default",
        "type": "github"
      }
    }
  },
  "root": "root",
  "version": 7
}
