{
  "nodes": {
    "flake-utils": {
      "locked": {
        "lastModified": 1667395993,
        "narHash": "sha256-nuEHfE/LcWyuSWnS8t12N1wc105Qtau+/OdUAjtQ0rA=",
        "owner": "numtide",
        "repo": "flake-utils",
        "rev": "5aed5285a952e0b949eb3ba02c12fa4fcfef535f",
        "type": "github"
      },
      "original": {
        "owner": "numtide",
        "repo": "flake-utils",
        "type": "github"
      }
    },
    "home-manager": {
      "inputs": {
        "nixpkgs": [
          "nixpkgs"
        ],
        "utils": [
          "flake-utils"
        ]
      },
      "locked": {
        "lastModified": 1667468181,
        "narHash": "sha256-806/nrDW6e7bl4/oJEdAykYz/NaBuTUi7EUYArw2oic=",
        "owner": "nix-community",
        "repo": "home-manager",
        "rev": "93335810751f0404fe424e61ad58bc8e94bf8e9d",
        "type": "github"
      },
      "original": {
        "owner": "nix-community",
        "repo": "home-manager",
        "type": "github"
      }
    },
    "meta-sifive": {
      "flake": false,
      "locked": {
        "lastModified": 1638461064,
        "narHash": "sha256-Toh80cXl+w1QFrbZnCP2Bjg2eN1V8vItACOO7/rWx0k=",
        "owner": "sifive",
        "repo": "meta-sifive",
        "rev": "dc0441b841dba14ead2cba8f6f7c086c11ad89b0",
        "type": "github"
      },
      "original": {
        "owner": "sifive",
        "ref": "2021.11.00",
        "repo": "meta-sifive",
        "type": "github"
      }
    },
    "nixpkgs": {
      "locked": {
        "lastModified": 1667482890,
        "narHash": "sha256-pua0jp87iwN7NBY5/ypx0s9L9CG49Ju/NI4wGwurHc4=",
        "owner": "NixOS",
        "repo": "nixpkgs",
        "rev": "a2a777538d971c6b01c6e54af89ddd6567c055e8",
        "type": "github"
      },
      "original": {
        "owner": "NixOS",
        "ref": "nixos-unstable",
        "repo": "nixpkgs",
        "type": "github"
      }
    },
    "nixpkgs-unmatched": {
      "locked": {
        "lastModified": 1640713360,
        "narHash": "sha256-MzrVpY1CvK5N60fW3ShYr/P7Gn2yxCBqlSLRJKjwAqs=",
        "owner": "oxalica",
        "repo": "nixpkgs",
        "rev": "68ffecb7b9ed47985dab86a7d7563ffb3f2a9155",
        "type": "github"
      },
      "original": {
        "owner": "oxalica",
        "ref": "test/unmatched",
        "repo": "nixpkgs",
        "type": "github"
      }
    },
    "nocargo": {
      "inputs": {
        "flake-utils": [
          "flake-utils"
        ],
        "nixpkgs": [
          "nixpkgs"
        ],
        "registry-crates-io": "registry-crates-io"
      },
      "locked": {
        "lastModified": 1664387567,
        "narHash": "sha256-ou+5ijcBrliW4znJB9eqO/tqnqBWgP0+O0psQm0VJM4=",
        "owner": "oxalica",
        "repo": "nocargo",
        "rev": "71a18547530901ea0ad10e33482c2cec35b22d80",
        "type": "github"
      },
      "original": {
        "owner": "oxalica",
        "repo": "nocargo",
        "type": "github"
      }
    },
    "registry-crates-io": {
      "flake": false,
      "locked": {
        "lastModified": 1664219937,
        "narHash": "sha256-ys/nswnAXBxMIbaWGKAWe5bG6PoNNqDEhFHwNaBOfPI=",
        "owner": "rust-lang",
        "repo": "crates.io-index",
        "rev": "137ad8a5c700f01a0bbd90a9c62191c0decd0654",
        "type": "github"
      },
      "original": {
        "owner": "rust-lang",
        "repo": "crates.io-index",
        "type": "github"
      }
    },
    "root": {
      "inputs": {
        "flake-utils": "flake-utils",
        "home-manager": "home-manager",
        "meta-sifive": "meta-sifive",
        "nixpkgs": "nixpkgs",
        "nixpkgs-unmatched": "nixpkgs-unmatched",
        "nocargo": "nocargo",
        "rust-overlay": "rust-overlay",
        "secrets": "secrets",
        "sops-nix": "sops-nix"
      }
    },
    "rust-overlay": {
      "inputs": {
        "flake-utils": [
          "flake-utils"
        ],
        "nixpkgs": [
          "nixpkgs"
        ]
      },
      "locked": {
        "lastModified": 1667487142,
        "narHash": "sha256-bVuzLs1ZVggJAbJmEDVO9G6p8BH3HRaolK70KXvnWnU=",
        "owner": "oxalica",
        "repo": "rust-overlay",
        "rev": "cf668f737ac986c0a89e83b6b2e3c5ddbd8cf33b",
        "type": "github"
      },
      "original": {
        "owner": "oxalica",
        "repo": "rust-overlay",
        "type": "github"
      }
    },
    "secrets": {
      "locked": {
        "lastModified": 1664486084,
        "narHash": "sha256-TcNvIoGfQv3R2L9aAUVpmXt+vVQonLCURf5veJIIZqw=",
        "ref": "refs/heads/master",
        "rev": "182355f80c50578d249062bf5b59f693f64c83db",
        "revCount": 20,
        "type": "git",
        "url": "file:///home/oxa/storage/repo/nixos-config-secrets"
      },
      "original": {
        "type": "git",
        "url": "file:///home/oxa/storage/repo/nixos-config-secrets"
      }
    },
    "sops-nix": {
      "inputs": {
        "nixpkgs": [
          "nixpkgs"
        ],
        "nixpkgs-22_05": [
          "nixpkgs"
        ]
      },
      "locked": {
        "lastModified": 1667427533,
        "narHash": "sha256-MsgTnQEi1g7f8anlW5klHW2pJgam4CLbJaYyBw2ed58=",
        "owner": "Mic92",
        "repo": "sops-nix",
        "rev": "486b4455da16272c1ed31bc82adcdbe7af829465",
        "type": "github"
      },
      "original": {
        "owner": "Mic92",
        "repo": "sops-nix",
        "type": "github"
      }
    }
  },
  "root": "root",
  "version": 7
}
