{
  "nodes": {
    "flake-utils": {
      "locked": {
        "lastModified": 1623875721,
        "narHash": "sha256-A8BU7bjS5GirpAUv4QA+QnJ4CceLHkcXdRp4xITDB0s=",
        "owner": "numtide",
        "repo": "flake-utils",
        "rev": "f7e004a55b120c02ecb6219596820fcd32ca8772",
        "type": "github"
      },
      "original": {
        "owner": "numtide",
        "repo": "flake-utils",
        "type": "github"
      }
    },
    "home-manager": {
      "inputs": {
        "nixpkgs": [
          "nixpkgs"
        ]
      },
      "locked": {
        "lastModified": 1626743774,
        "narHash": "sha256-ah5l6UK+VgVoztzD/GXFBYU65DeAgGLOZYZKVe47oDY=",
        "owner": "nix-community",
        "repo": "home-manager",
        "rev": "fa483b82ab35c670de12a022d7c57237c3b31008",
        "type": "github"
      },
      "original": {
        "owner": "nix-community",
        "repo": "home-manager",
        "type": "github"
      }
    },
    "nixpkgs": {
      "locked": {
        "lastModified": 1626556499,
        "narHash": "sha256-c2ueMT7fi/yvCNq3nGLEC2v5GklS7eHpB1240LRSW9Y=",
        "owner": "nixos",
        "repo": "nixpkgs",
        "rev": "b59c06dc92f8d03660eb4155754d93a6c34cda83",
        "type": "github"
      },
      "original": {
        "owner": "nixos",
        "ref": "nixos-unstable",
        "repo": "nixpkgs",
        "type": "github"
      }
    },
    "nixpkgs-nixos-tag": {
      "locked": {
        "lastModified": 1626458100,
        "narHash": "sha256-BrVQmJF0GkbHOqx1Bor4oJpCP6IAs6kYmBRsyT60t0s=",
        "owner": "nixos",
        "repo": "nixpkgs",
        "rev": "cba8b52942c5ab38c90b7d7425e4c8acc360656e",
        "type": "github"
      },
      "original": {
        "owner": "nixos",
        "ref": "pull/130388/head",
        "repo": "nixpkgs",
        "type": "github"
      }
    },
    "nixpkgs-stable": {
      "locked": {
        "lastModified": 1625876282,
        "narHash": "sha256-z/Gv+11Uzdv3HcQCY+xGi1+iuc3rmCaPzxxDSMnuRAI=",
        "owner": "nixos",
        "repo": "nixpkgs",
        "rev": "068984c00e0d4e54b6684d98f6ac47c92dcb642e",
        "type": "github"
      },
      "original": {
        "owner": "nixos",
        "ref": "nixos-20.09",
        "repo": "nixpkgs",
        "type": "github"
      }
    },
    "nixpkgs-tdesktop-voice-fix": {
      "locked": {
        "lastModified": 1626803009,
        "narHash": "sha256-nlHd3+9+T0acZOTiwfFwm2GJrO3wIgXBvz5mUzon3bY=",
        "owner": "nixos",
        "repo": "nixpkgs",
        "rev": "1b567a2c9421c468bcd1233321a7a50abca63999",
        "type": "github"
      },
      "original": {
        "owner": "nixos",
        "ref": "pull/130827/head",
        "repo": "nixpkgs",
        "type": "github"
      }
    },
    "rime-emoji": {
      "flake": false,
      "locked": {
        "lastModified": 1619532744,
        "narHash": "sha256-QoRBKDKsXhV05dNniSvXF5fC1f8pT4adYtaBICCW5QQ=",
        "owner": "rime",
        "repo": "rime-emoji",
        "rev": "4c8c51f4a3bc7298c99376eda9bbd86070fc4fa1",
        "type": "github"
      },
      "original": {
        "owner": "rime",
        "repo": "rime-emoji",
        "type": "github"
      }
    },
    "root": {
      "inputs": {
        "flake-utils": "flake-utils",
        "home-manager": "home-manager",
        "nixpkgs": "nixpkgs",
        "nixpkgs-nixos-tag": "nixpkgs-nixos-tag",
        "nixpkgs-stable": "nixpkgs-stable",
        "nixpkgs-tdesktop-voice-fix": "nixpkgs-tdesktop-voice-fix",
        "rime-emoji": "rime-emoji",
        "rust-overlay": "rust-overlay",
        "secrets": "secrets",
        "xdgify-overlay": "xdgify-overlay"
      }
    },
    "rust-overlay": {
      "inputs": {
        "flake-utils": [
          "flake-utils"
        ],
        "nixpkgs": [
          "nixpkgs"
        ]
      },
      "locked": {
        "lastModified": 1626747465,
        "narHash": "sha256-QnAfLrcHhM53Zot078w62TvxLxWLZsslV4oxPTmK4wE=",
        "owner": "oxalica",
        "repo": "rust-overlay",
        "rev": "b3ea8fc803454e5982f7711e18bb47fdbdd3d400",
        "type": "github"
      },
      "original": {
        "owner": "oxalica",
        "repo": "rust-overlay",
        "type": "github"
      }
    },
    "secrets": {
      "flake": false,
      "locked": {
        "narHash": "sha256-cCkkzYuI0mYFBhUEY3RKwVoQewDIY3M/lBJLo659w4E=",
        "path": "/home/oxa/storage/repo/nixos-config/secrets",
        "type": "path"
      },
      "original": {
        "path": "/home/oxa/storage/repo/nixos-config/secrets",
        "type": "path"
      }
    },
    "xdgify-overlay": {
      "inputs": {
        "flake-utils": [
          "flake-utils"
        ],
        "nixpkgs": [
          "nixpkgs"
        ]
      },
      "locked": {
        "lastModified": 1623087078,
        "narHash": "sha256-D9nWLOatDoZNKP1bOfATs1Xtbjev44HjmI3NcmkCr/k=",
        "owner": "oxalica",
        "repo": "xdgify-overlay",
        "rev": "60ca89ff1358f0705e51b14aa2116fa44a4c73c4",
        "type": "github"
      },
      "original": {
        "owner": "oxalica",
        "repo": "xdgify-overlay",
        "type": "github"
      }
    }
  },
  "root": "root",
  "version": 7
}
